
Microsoft Visual Studio Solution File, Format Version 12.00
# Visual Studio 15
VisualStudioVersion = 15.0.27428.2043
MinimumVisualStudioVersion = 10.0.40219.1
Project("{FAE04EC0-301F-11D3-BF4B-00C04F79EFBC}") = "InstaManager", "InstaManager\InstaManager.csproj", "{201FC142-3F7E-4947-84C8-AE17E348A28E}"
EndProject
Project("{9A19103F-16F7-4668-BE54-9A1E7A4F7556}") = "InstaSharper", "InstaSharper\InstaSharper.csproj", "{787D4B7B-966D-4AD0-B774-CA370875F635}"
EndProject
Global
	GlobalSection(SolutionConfigurationPlatforms) = preSolution
		Debug|Any CPU = Debug|Any CPU
		Release|Any CPU = Release|Any CPU
	EndGlobalSection
	GlobalSection(ProjectConfigurationPlatforms) = postSolution
		{201FC142-3F7E-4947-84C8-AE17E348A28E}.Debug|Any CPU.ActiveCfg = Debug|Any CPU
		{201FC142-3F7E-4947-84C8-AE17E348A28E}.Debug|Any CPU.Build.0 = Debug|Any CPU
		{201FC142-3F7E-4947-84C8-AE17E348A28E}.Release|Any CPU.ActiveCfg = Release|Any CPU
		{201FC142-3F7E-4947-84C8-AE17E348A28E}.Release|Any CPU.Build.0 = Release|Any CPU
		{787D4B7B-966D-4AD0-B774-CA370875F635}.Debug|Any CPU.ActiveCfg = Debug|Any CPU
		{787D4B7B-966D-4AD0-B774-CA370875F635}.Debug|Any CPU.Build.0 = Debug|Any CPU
		{787D4B7B-966D-4AD0-B774-CA370875F635}.Release|Any CPU.ActiveCfg = Release|Any CPU
		{787D4B7B-966D-4AD0-B774-CA370875F635}.Release|Any CPU.Build.0 = Release|Any CPU
	EndGlobalSection
	GlobalSection(SolutionProperties) = preSolution
		HideSolutionNode = FALSE
	EndGlobalSection
	GlobalSection(ExtensibilityGlobals) = postSolution
		SolutionGuid = {B2E91F66-F899-435D-8635-56153673C8CC}
	EndGlobalSection
EndGlobal
